
Microsoft Visual Studio Solution File, Format Version 12.00
# Visual Studio Version 17
VisualStudioVersion = 17.3.32901.215
MinimumVisualStudioVersion = 10.0.40219.1
Project("{FAE04EC0-301F-11D3-BF4B-00C04F79EFBC}") = "ZV_Fiorello", "ZV_Fiorello\ZV_Fiorello.csproj", "{B55672FE-3D31-400A-8FF2-193C7CD38EEC}"
EndProject
Global
	GlobalSection(SolutionConfigurationPlatforms) = preSolution
		Debug|Any CPU = Debug|Any CPU
		Release|Any CPU = Release|Any CPU
	EndGlobalSection
	GlobalSection(ProjectConfigurationPlatforms) = postSolution
		{B55672FE-3D31-400A-8FF2-193C7CD38EEC}.Debug|Any CPU.ActiveCfg = Debug|Any CPU
		{B55672FE-3D31-400A-8FF2-193C7CD38EEC}.Debug|Any CPU.Build.0 = Debug|Any CPU
		{B55672FE-3D31-400A-8FF2-193C7CD38EEC}.Release|Any CPU.ActiveCfg = Release|Any CPU
		{B55672FE-3D31-400A-8FF2-193C7CD38EEC}.Release|Any CPU.Build.0 = Release|Any CPU
	EndGlobalSection
	GlobalSection(SolutionProperties) = preSolution
		HideSolutionNode = FALSE
	EndGlobalSection
	GlobalSection(ExtensibilityGlobals) = postSolution
		SolutionGuid = {2319CFBD-903B-4808-9191-DFA59B15D0FB}
	EndGlobalSection
EndGlobal
